
Microsoft Visual Studio Solution File, Format Version 12.00
# Visual Studio Version 16
VisualStudioVersion = 16.0.30204.135
MinimumVisualStudioVersion = 10.0.40219.1
Project("{FAE04EC0-301F-11D3-BF4B-00C04F79EFBC}") = "company-portal-server", "company-portal-server\company-portal-server.csproj", "{0E4BCF2A-8BAE-4D7A-ADD0-C4DCCC1DDFD7}"
EndProject
Global
	GlobalSection(SolutionConfigurationPlatforms) = preSolution
		Debug|Any CPU = Debug|Any CPU
		Release|Any CPU = Release|Any CPU
	EndGlobalSection
	GlobalSection(ProjectConfigurationPlatforms) = postSolution
		{0E4BCF2A-8BAE-4D7A-ADD0-C4DCCC1DDFD7}.Debug|Any CPU.ActiveCfg = Debug|Any CPU
		{0E4BCF2A-8BAE-4D7A-ADD0-C4DCCC1DDFD7}.Debug|Any CPU.Build.0 = Debug|Any CPU
		{0E4BCF2A-8BAE-4D7A-ADD0-C4DCCC1DDFD7}.Release|Any CPU.ActiveCfg = Release|Any CPU
		{0E4BCF2A-8BAE-4D7A-ADD0-C4DCCC1DDFD7}.Release|Any CPU.Build.0 = Release|Any CPU
	EndGlobalSection
	GlobalSection(SolutionProperties) = preSolution
		HideSolutionNode = FALSE
	EndGlobalSection
	GlobalSection(ExtensibilityGlobals) = postSolution
		SolutionGuid = {54E6E0B8-C00A-430D-B850-310A31162F0A}
	EndGlobalSection
EndGlobal
